
Microsoft Visual Studio Solution File, Format Version 12.00
# Visual Studio Version 16
VisualStudioVersion = 16.0.31515.178
MinimumVisualStudioVersion = 10.0.40219.1
Project("{9A19103F-16F7-4668-BE54-9A1E7A4F7556}") = "App", "App\App.csproj", "{693990BF-4ECE-4D6D-AFA0-35B4A628F389}"
EndProject
Project("{9A19103F-16F7-4668-BE54-9A1E7A4F7556}") = "Domain", "Domain\Domain.csproj", "{4858AB9F-1689-41D7-8620-E7D645091132}"
EndProject
Project("{9A19103F-16F7-4668-BE54-9A1E7A4F7556}") = "WebClient", "WebClient\WebClient.csproj", "{0EF02F07-D17E-4EB3-9761-40F72B7280BF}"
EndProject
Project("{9A19103F-16F7-4668-BE54-9A1E7A4F7556}") = "AppTest", "AppTest\AppTest.csproj", "{A310D9EA-D544-4620-A3E7-9978603E0ABF}"
EndProject
Project("{9A19103F-16F7-4668-BE54-9A1E7A4F7556}") = "DomainTest", "DomainTest\DomainTest.csproj", "{EE7E6573-BF12-4EE9-9A5C-580462C99B2E}"
EndProject
Project("{FAE04EC0-301F-11D3-BF4B-00C04F79EFBC}") = "IntegrationTests", "IntegrationTests\IntegrationTests.csproj", "{6C78EF06-945D-478B-98A6-0866531723FF}"
EndProject
Global
	GlobalSection(SolutionConfigurationPlatforms) = preSolution
		Debug|Any CPU = Debug|Any CPU
		Release|Any CPU = Release|Any CPU
	EndGlobalSection
	GlobalSection(ProjectConfigurationPlatforms) = postSolution
		{693990BF-4ECE-4D6D-AFA0-35B4A628F389}.Debug|Any CPU.ActiveCfg = Debug|Any CPU
		{693990BF-4ECE-4D6D-AFA0-35B4A628F389}.Debug|Any CPU.Build.0 = Debug|Any CPU
		{693990BF-4ECE-4D6D-AFA0-35B4A628F389}.Release|Any CPU.ActiveCfg = Release|Any CPU
		{693990BF-4ECE-4D6D-AFA0-35B4A628F389}.Release|Any CPU.Build.0 = Release|Any CPU
		{4858AB9F-1689-41D7-8620-E7D645091132}.Debug|Any CPU.ActiveCfg = Debug|Any CPU
		{4858AB9F-1689-41D7-8620-E7D645091132}.Debug|Any CPU.Build.0 = Debug|Any CPU
		{4858AB9F-1689-41D7-8620-E7D645091132}.Release|Any CPU.ActiveCfg = Release|Any CPU
		{4858AB9F-1689-41D7-8620-E7D645091132}.Release|Any CPU.Build.0 = Release|Any CPU
		{0EF02F07-D17E-4EB3-9761-40F72B7280BF}.Debug|Any CPU.ActiveCfg = Debug|Any CPU
		{0EF02F07-D17E-4EB3-9761-40F72B7280BF}.Debug|Any CPU.Build.0 = Debug|Any CPU
		{0EF02F07-D17E-4EB3-9761-40F72B7280BF}.Release|Any CPU.ActiveCfg = Release|Any CPU
		{0EF02F07-D17E-4EB3-9761-40F72B7280BF}.Release|Any CPU.Build.0 = Release|Any CPU
		{A310D9EA-D544-4620-A3E7-9978603E0ABF}.Debug|Any CPU.ActiveCfg = Debug|Any CPU
		{A310D9EA-D544-4620-A3E7-9978603E0ABF}.Debug|Any CPU.Build.0 = Debug|Any CPU
		{A310D9EA-D544-4620-A3E7-9978603E0ABF}.Release|Any CPU.ActiveCfg = Release|Any CPU
		{A310D9EA-D544-4620-A3E7-9978603E0ABF}.Release|Any CPU.Build.0 = Release|Any CPU
		{EE7E6573-BF12-4EE9-9A5C-580462C99B2E}.Debug|Any CPU.ActiveCfg = Debug|Any CPU
		{EE7E6573-BF12-4EE9-9A5C-580462C99B2E}.Debug|Any CPU.Build.0 = Debug|Any CPU
		{EE7E6573-BF12-4EE9-9A5C-580462C99B2E}.Release|Any CPU.ActiveCfg = Release|Any CPU
		{EE7E6573-BF12-4EE9-9A5C-580462C99B2E}.Release|Any CPU.Build.0 = Release|Any CPU
		{6C78EF06-945D-478B-98A6-0866531723FF}.Debug|Any CPU.ActiveCfg = Debug|Any CPU
		{6C78EF06-945D-478B-98A6-0866531723FF}.Debug|Any CPU.Build.0 = Debug|Any CPU
		{6C78EF06-945D-478B-98A6-0866531723FF}.Release|Any CPU.ActiveCfg = Release|Any CPU
		{6C78EF06-945D-478B-98A6-0866531723FF}.Release|Any CPU.Build.0 = Release|Any CPU
	EndGlobalSection
	GlobalSection(SolutionProperties) = preSolution
		HideSolutionNode = FALSE
	EndGlobalSection
	GlobalSection(ExtensibilityGlobals) = postSolution
		SolutionGuid = {59774A09-D282-4641-8541-A5077E323560}
	EndGlobalSection
EndGlobal
